
Microsoft Visual Studio Solution File, Format Version 12.00
# Visual Studio Version 17
VisualStudioVersion = 17.8.34408.163
MinimumVisualStudioVersion = 10.0.40219.1
Project("{9A19103F-16F7-4668-BE54-9A1E7A4F7556}") = "AvansDevOps", "AvansDevOps\AvansDevOps.csproj", "{3AAB1BB0-1630-4E69-A8B7-2D2F126D1095}"
EndProject
Project("{FAE04EC0-301F-11D3-BF4B-00C04F79EFBC}") = "DevOpsTests", "DevOpsTests\DevOpsTests.csproj", "{FFC69C12-9459-4993-9660-4E59900EE2D7}"
EndProject
Global
	GlobalSection(SolutionConfigurationPlatforms) = preSolution
		Debug|Any CPU = Debug|Any CPU
		Release|Any CPU = Release|Any CPU
	EndGlobalSection
	GlobalSection(ProjectConfigurationPlatforms) = postSolution
		{3AAB1BB0-1630-4E69-A8B7-2D2F126D1095}.Debug|Any CPU.ActiveCfg = Debug|Any CPU
		{3AAB1BB0-1630-4E69-A8B7-2D2F126D1095}.Debug|Any CPU.Build.0 = Debug|Any CPU
		{3AAB1BB0-1630-4E69-A8B7-2D2F126D1095}.Release|Any CPU.ActiveCfg = Release|Any CPU
		{3AAB1BB0-1630-4E69-A8B7-2D2F126D1095}.Release|Any CPU.Build.0 = Release|Any CPU
		{FFC69C12-9459-4993-9660-4E59900EE2D7}.Debug|Any CPU.ActiveCfg = Debug|Any CPU
		{FFC69C12-9459-4993-9660-4E59900EE2D7}.Debug|Any CPU.Build.0 = Debug|Any CPU
		{FFC69C12-9459-4993-9660-4E59900EE2D7}.Release|Any CPU.ActiveCfg = Release|Any CPU
		{FFC69C12-9459-4993-9660-4E59900EE2D7}.Release|Any CPU.Build.0 = Release|Any CPU
	EndGlobalSection
	GlobalSection(SolutionProperties) = preSolution
		HideSolutionNode = FALSE
	EndGlobalSection
	GlobalSection(ExtensibilityGlobals) = postSolution
		SolutionGuid = {BA33FE91-50D3-472D-9DF7-0756ED29F00C}
	EndGlobalSection
EndGlobal
